
Microsoft Visual Studio Solution File, Format Version 12.00
# Visual Studio 2012
Project("{00D1A9C2-B5F0-4AF3-8072-F6C62B433612}") = "MSSQLCompressedBackupExtendedStoredProcedures", "MSSQLCompressedBackupExtendedStoredProcedures\MSSQLCompressedBackupExtendedStoredProcedures.sqlproj", "{F5CF5D05-8FFF-42FB-8E75-8901D46C9219}"
EndProject
Global
	GlobalSection(SolutionConfigurationPlatforms) = preSolution
		Debug|Any CPU = Debug|Any CPU
		Release|Any CPU = Release|Any CPU
	EndGlobalSection
	GlobalSection(ProjectConfigurationPlatforms) = postSolution
		{F5CF5D05-8FFF-42FB-8E75-8901D46C9219}.Debug|Any CPU.ActiveCfg = Debug|Any CPU
		{F5CF5D05-8FFF-42FB-8E75-8901D46C9219}.Debug|Any CPU.Build.0 = Debug|Any CPU
		{F5CF5D05-8FFF-42FB-8E75-8901D46C9219}.Debug|Any CPU.Deploy.0 = Debug|Any CPU
		{F5CF5D05-8FFF-42FB-8E75-8901D46C9219}.Release|Any CPU.ActiveCfg = Release|Any CPU
		{F5CF5D05-8FFF-42FB-8E75-8901D46C9219}.Release|Any CPU.Build.0 = Release|Any CPU
		{F5CF5D05-8FFF-42FB-8E75-8901D46C9219}.Release|Any CPU.Deploy.0 = Release|Any CPU
	EndGlobalSection
	GlobalSection(SolutionProperties) = preSolution
		HideSolutionNode = FALSE
	EndGlobalSection
EndGlobal
